
Microsoft Visual Studio Solution File, Format Version 12.00
# Visual Studio Version 17
VisualStudioVersion = 17.8.34316.72
MinimumVisualStudioVersion = 10.0.40219.1
Project("{FAE04EC0-301F-11D3-BF4B-00C04F79EFBC}") = "AddInOpcUaInterface", "AddInOPCUAInterface\AddInOpcUaInterface.csproj", "{147E548F-7CD8-4D69-9194-8ADCDB9D4D0A}"
EndProject
Project("{FAE04EC0-301F-11D3-BF4B-00C04F79EFBC}") = "AddInOpcUaInterface.UI", "AddInOPCUAInterface.UI\AddInOpcUaInterface.UI.csproj", "{FBFD14C1-3323-4B4D-B2AF-A25DB71FF45D}"
EndProject
Global
	GlobalSection(SolutionConfigurationPlatforms) = preSolution
		Debug|Any CPU = Debug|Any CPU
		Release|Any CPU = Release|Any CPU
	EndGlobalSection
	GlobalSection(ProjectConfigurationPlatforms) = postSolution
		{147E548F-7CD8-4D69-9194-8ADCDB9D4D0A}.Debug|Any CPU.ActiveCfg = Debug|Any CPU
		{147E548F-7CD8-4D69-9194-8ADCDB9D4D0A}.Debug|Any CPU.Build.0 = Debug|Any CPU
		{147E548F-7CD8-4D69-9194-8ADCDB9D4D0A}.Release|Any CPU.ActiveCfg = Release|Any CPU
		{147E548F-7CD8-4D69-9194-8ADCDB9D4D0A}.Release|Any CPU.Build.0 = Release|Any CPU
		{FBFD14C1-3323-4B4D-B2AF-A25DB71FF45D}.Debug|Any CPU.ActiveCfg = Debug|Any CPU
		{FBFD14C1-3323-4B4D-B2AF-A25DB71FF45D}.Debug|Any CPU.Build.0 = Debug|Any CPU
		{FBFD14C1-3323-4B4D-B2AF-A25DB71FF45D}.Release|Any CPU.ActiveCfg = Release|Any CPU
		{FBFD14C1-3323-4B4D-B2AF-A25DB71FF45D}.Release|Any CPU.Build.0 = Release|Any CPU
	EndGlobalSection
	GlobalSection(SolutionProperties) = preSolution
		HideSolutionNode = FALSE
	EndGlobalSection
	GlobalSection(ExtensibilityGlobals) = postSolution
		SolutionGuid = {8F0C9817-FEA0-4666-BB82-091E813B9CA6}
	EndGlobalSection
EndGlobal
